
Microsoft Visual Studio Solution File, Format Version 12.00
# Visual Studio Version 17
VisualStudioVersion = 17.1.32228.430
MinimumVisualStudioVersion = 10.0.40219.1
Project("{FAE04EC0-301F-11D3-BF4B-00C04F79EFBC}") = "DLUTToolBoxMobile.Android", "DLUTToolBoxMobile\DLUTToolBoxMobile.Android\DLUTToolBoxMobile.Android.csproj", "{40781BC0-CA13-4E8B-8871-21FEB04E46FC}"
EndProject
Project("{FAE04EC0-301F-11D3-BF4B-00C04F79EFBC}") = "DLUTToolBoxMobile.iOS", "DLUTToolBoxMobile\DLUTToolBoxMobile.iOS\DLUTToolBoxMobile.iOS.csproj", "{6D57130A-809C-43CB-982A-17F09F942C0B}"
EndProject
Project("{FAE04EC0-301F-11D3-BF4B-00C04F79EFBC}") = "DLUTToolBoxMobile", "DLUTToolBoxMobile\DLUTToolBoxMobile\DLUTToolBoxMobile.csproj", "{71A73901-7661-4783-84BE-4A683C6B8205}"
EndProject
Global
	GlobalSection(SolutionConfigurationPlatforms) = preSolution
		Debug|Any CPU = Debug|Any CPU
		Debug|iPhone = Debug|iPhone
		Debug|iPhoneSimulator = Debug|iPhoneSimulator
		Release|Any CPU = Release|Any CPU
		Release|iPhone = Release|iPhone
		Release|iPhoneSimulator = Release|iPhoneSimulator
	EndGlobalSection
	GlobalSection(ProjectConfigurationPlatforms) = postSolution
		{40781BC0-CA13-4E8B-8871-21FEB04E46FC}.Debug|Any CPU.ActiveCfg = Debug|Any CPU
		{40781BC0-CA13-4E8B-8871-21FEB04E46FC}.Debug|Any CPU.Build.0 = Debug|Any CPU
		{40781BC0-CA13-4E8B-8871-21FEB04E46FC}.Debug|Any CPU.Deploy.0 = Debug|Any CPU
		{40781BC0-CA13-4E8B-8871-21FEB04E46FC}.Debug|iPhone.ActiveCfg = Debug|Any CPU
		{40781BC0-CA13-4E8B-8871-21FEB04E46FC}.Debug|iPhone.Build.0 = Debug|Any CPU
		{40781BC0-CA13-4E8B-8871-21FEB04E46FC}.Debug|iPhone.Deploy.0 = Debug|Any CPU
		{40781BC0-CA13-4E8B-8871-21FEB04E46FC}.Debug|iPhoneSimulator.ActiveCfg = Debug|Any CPU
		{40781BC0-CA13-4E8B-8871-21FEB04E46FC}.Debug|iPhoneSimulator.Build.0 = Debug|Any CPU
		{40781BC0-CA13-4E8B-8871-21FEB04E46FC}.Debug|iPhoneSimulator.Deploy.0 = Debug|Any CPU
		{40781BC0-CA13-4E8B-8871-21FEB04E46FC}.Release|Any CPU.ActiveCfg = Release|Any CPU
		{40781BC0-CA13-4E8B-8871-21FEB04E46FC}.Release|Any CPU.Build.0 = Release|Any CPU
		{40781BC0-CA13-4E8B-8871-21FEB04E46FC}.Release|Any CPU.Deploy.0 = Release|Any CPU
		{40781BC0-CA13-4E8B-8871-21FEB04E46FC}.Release|iPhone.ActiveCfg = Release|Any CPU
		{40781BC0-CA13-4E8B-8871-21FEB04E46FC}.Release|iPhone.Build.0 = Release|Any CPU
		{40781BC0-CA13-4E8B-8871-21FEB04E46FC}.Release|iPhone.Deploy.0 = Release|Any CPU
		{40781BC0-CA13-4E8B-8871-21FEB04E46FC}.Release|iPhoneSimulator.ActiveCfg = Release|Any CPU
		{40781BC0-CA13-4E8B-8871-21FEB04E46FC}.Release|iPhoneSimulator.Build.0 = Release|Any CPU
		{40781BC0-CA13-4E8B-8871-21FEB04E46FC}.Release|iPhoneSimulator.Deploy.0 = Release|Any CPU
		{6D57130A-809C-43CB-982A-17F09F942C0B}.Debug|Any CPU.ActiveCfg = Debug|iPhone
		{6D57130A-809C-43CB-982A-17F09F942C0B}.Debug|Any CPU.Build.0 = Debug|iPhone
		{6D57130A-809C-43CB-982A-17F09F942C0B}.Debug|Any CPU.Deploy.0 = Debug|iPhone
		{6D57130A-809C-43CB-982A-17F09F942C0B}.Debug|iPhone.ActiveCfg = Debug|iPhone
		{6D57130A-809C-43CB-982A-17F09F942C0B}.Debug|iPhone.Build.0 = Debug|iPhone
		{6D57130A-809C-43CB-982A-17F09F942C0B}.Debug|iPhone.Deploy.0 = Debug|iPhone
		{6D57130A-809C-43CB-982A-17F09F942C0B}.Debug|iPhoneSimulator.ActiveCfg = Debug|iPhoneSimulator
		{6D57130A-809C-43CB-982A-17F09F942C0B}.Debug|iPhoneSimulator.Build.0 = Debug|iPhoneSimulator
		{6D57130A-809C-43CB-982A-17F09F942C0B}.Debug|iPhoneSimulator.Deploy.0 = Debug|iPhoneSimulator
		{6D57130A-809C-43CB-982A-17F09F942C0B}.Release|Any CPU.ActiveCfg = Release|iPhoneSimulator
		{6D57130A-809C-43CB-982A-17F09F942C0B}.Release|Any CPU.Build.0 = Release|iPhoneSimulator
		{6D57130A-809C-43CB-982A-17F09F942C0B}.Release|Any CPU.Deploy.0 = Release|iPhoneSimulator
		{6D57130A-809C-43CB-982A-17F09F942C0B}.Release|iPhone.ActiveCfg = Release|iPhone
		{6D57130A-809C-43CB-982A-17F09F942C0B}.Release|iPhone.Build.0 = Release|iPhone
		{6D57130A-809C-43CB-982A-17F09F942C0B}.Release|iPhone.Deploy.0 = Release|iPhone
		{6D57130A-809C-43CB-982A-17F09F942C0B}.Release|iPhoneSimulator.ActiveCfg = Release|iPhoneSimulator
		{6D57130A-809C-43CB-982A-17F09F942C0B}.Release|iPhoneSimulator.Build.0 = Release|iPhoneSimulator
		{6D57130A-809C-43CB-982A-17F09F942C0B}.Release|iPhoneSimulator.Deploy.0 = Release|iPhoneSimulator
		{71A73901-7661-4783-84BE-4A683C6B8205}.Debug|Any CPU.ActiveCfg = Debug|Any CPU
		{71A73901-7661-4783-84BE-4A683C6B8205}.Debug|Any CPU.Build.0 = Debug|Any CPU
		{71A73901-7661-4783-84BE-4A683C6B8205}.Debug|Any CPU.Deploy.0 = Debug|Any CPU
		{71A73901-7661-4783-84BE-4A683C6B8205}.Debug|iPhone.ActiveCfg = Debug|Any CPU
		{71A73901-7661-4783-84BE-4A683C6B8205}.Debug|iPhone.Build.0 = Debug|Any CPU
		{71A73901-7661-4783-84BE-4A683C6B8205}.Debug|iPhone.Deploy.0 = Debug|Any CPU
		{71A73901-7661-4783-84BE-4A683C6B8205}.Debug|iPhoneSimulator.ActiveCfg = Debug|Any CPU
		{71A73901-7661-4783-84BE-4A683C6B8205}.Debug|iPhoneSimulator.Build.0 = Debug|Any CPU
		{71A73901-7661-4783-84BE-4A683C6B8205}.Debug|iPhoneSimulator.Deploy.0 = Debug|Any CPU
		{71A73901-7661-4783-84BE-4A683C6B8205}.Release|Any CPU.ActiveCfg = Release|Any CPU
		{71A73901-7661-4783-84BE-4A683C6B8205}.Release|Any CPU.Build.0 = Release|Any CPU
		{71A73901-7661-4783-84BE-4A683C6B8205}.Release|Any CPU.Deploy.0 = Release|Any CPU
		{71A73901-7661-4783-84BE-4A683C6B8205}.Release|iPhone.ActiveCfg = Release|Any CPU
		{71A73901-7661-4783-84BE-4A683C6B8205}.Release|iPhone.Build.0 = Release|Any CPU
		{71A73901-7661-4783-84BE-4A683C6B8205}.Release|iPhone.Deploy.0 = Release|Any CPU
		{71A73901-7661-4783-84BE-4A683C6B8205}.Release|iPhoneSimulator.ActiveCfg = Release|Any CPU
		{71A73901-7661-4783-84BE-4A683C6B8205}.Release|iPhoneSimulator.Build.0 = Release|Any CPU
		{71A73901-7661-4783-84BE-4A683C6B8205}.Release|iPhoneSimulator.Deploy.0 = Release|Any CPU
	EndGlobalSection
	GlobalSection(SolutionProperties) = preSolution
		HideSolutionNode = FALSE
	EndGlobalSection
	GlobalSection(ExtensibilityGlobals) = postSolution
		SolutionGuid = {86EE07BC-2A84-4311-9A51-D5DDA1763231}
	EndGlobalSection
EndGlobal
